
Microsoft Visual Studio Solution File, Format Version 12.00
# Visual Studio 15
VisualStudioVersion = 15.0.28307.1169
MinimumVisualStudioVersion = 10.0.40219.1
Project("{FAE04EC0-301F-11D3-BF4B-00C04F79EFBC}") = "TestWithReflection", "TestWithReflection\TestWithReflection.csproj", "{46CB8A34-01EC-4813-A6BE-7C8F58235525}"
EndProject
Global
	GlobalSection(SolutionConfigurationPlatforms) = preSolution
		Debug|Any CPU = Debug|Any CPU
		Release|Any CPU = Release|Any CPU
	EndGlobalSection
	GlobalSection(ProjectConfigurationPlatforms) = postSolution
		{46CB8A34-01EC-4813-A6BE-7C8F58235525}.Debug|Any CPU.ActiveCfg = Debug|Any CPU
		{46CB8A34-01EC-4813-A6BE-7C8F58235525}.Debug|Any CPU.Build.0 = Debug|Any CPU
		{46CB8A34-01EC-4813-A6BE-7C8F58235525}.Release|Any CPU.ActiveCfg = Release|Any CPU
		{46CB8A34-01EC-4813-A6BE-7C8F58235525}.Release|Any CPU.Build.0 = Release|Any CPU
	EndGlobalSection
	GlobalSection(SolutionProperties) = preSolution
		HideSolutionNode = FALSE
	EndGlobalSection
	GlobalSection(ExtensibilityGlobals) = postSolution
		SolutionGuid = {452615D2-9FD4-4CC0-A8D6-6EC4FB453E0B}
	EndGlobalSection
EndGlobal
